
Microsoft Visual Studio Solution File, Format Version 12.00
# Visual Studio Version 17
VisualStudioVersion = 17.1.32210.238
MinimumVisualStudioVersion = 10.0.40219.1
Project("{FAE04EC0-301F-11D3-BF4B-00C04F79EFBC}") = "PraktikumWeek6", "PraktikumWeek6\PraktikumWeek6.csproj", "{EF39B4C1-D263-441E-B077-391010602C53}"
EndProject
Global
	GlobalSection(SolutionConfigurationPlatforms) = preSolution
		Debug|Any CPU = Debug|Any CPU
		Release|Any CPU = Release|Any CPU
	EndGlobalSection
	GlobalSection(ProjectConfigurationPlatforms) = postSolution
		{EF39B4C1-D263-441E-B077-391010602C53}.Debug|Any CPU.ActiveCfg = Debug|Any CPU
		{EF39B4C1-D263-441E-B077-391010602C53}.Debug|Any CPU.Build.0 = Debug|Any CPU
		{EF39B4C1-D263-441E-B077-391010602C53}.Release|Any CPU.ActiveCfg = Release|Any CPU
		{EF39B4C1-D263-441E-B077-391010602C53}.Release|Any CPU.Build.0 = Release|Any CPU
	EndGlobalSection
	GlobalSection(SolutionProperties) = preSolution
		HideSolutionNode = FALSE
	EndGlobalSection
	GlobalSection(ExtensibilityGlobals) = postSolution
		SolutionGuid = {6B76100A-DBF0-44E3-8FFF-B088D230CEFA}
	EndGlobalSection
EndGlobal
